
Microsoft Visual Studio Solution File, Format Version 12.00
# Visual Studio Version 17
VisualStudioVersion = 17.2.32630.192
MinimumVisualStudioVersion = 10.0.40219.1
Project("{2150E333-8FDC-42A3-9474-1A3956D46DE8}") = "src", "src", "{E98C400A-F5BC-416A-A4C2-DD416C864F74}"
EndProject
Project("{2150E333-8FDC-42A3-9474-1A3956D46DE8}") = "Domain", "Domain", "{6CB8D961-6717-4D99-B15B-1F4AD0D96D8E}"
EndProject
Project("{2150E333-8FDC-42A3-9474-1A3956D46DE8}") = "Application", "Application", "{470F17E0-1947-46A5-80F5-9F5A44797345}"
EndProject
Project("{2150E333-8FDC-42A3-9474-1A3956D46DE8}") = "Infrastructure", "Infrastructure", "{2DD65973-D749-4A84-A6D4-67FADCD47153}"
EndProject
Project("{2150E333-8FDC-42A3-9474-1A3956D46DE8}") = "Api", "Api", "{C48EA2B8-738D-4958-BCEC-B87D0DB73666}"
EndProject
Project("{FAE04EC0-301F-11D3-BF4B-00C04F79EFBC}") = "Domain", "Domain\Domain.csproj", "{E03ED6EA-4CD0-41F6-ABA6-61D67777A908}"
EndProject
Project("{FAE04EC0-301F-11D3-BF4B-00C04F79EFBC}") = "Application", "Application\Application.csproj", "{68453BD8-15FE-466D-B4F7-7D2FD851F141}"
EndProject
Project("{FAE04EC0-301F-11D3-BF4B-00C04F79EFBC}") = "Infrastructure", "Infrastructure\Infrastructure.csproj", "{06D4D1D2-E7A5-48CB-ADAE-9298769A0B3F}"
EndProject
Project("{FAE04EC0-301F-11D3-BF4B-00C04F79EFBC}") = "Api", "Api\Api.csproj", "{5655A99B-8D7D-46A9-813B-C8D27E841074}"
EndProject
Project("{2150E333-8FDC-42A3-9474-1A3956D46DE8}") = "test", "test", "{736BE00B-CFEB-463F-93A0-BE872C46ACA1}"
EndProject
Global
	GlobalSection(SolutionConfigurationPlatforms) = preSolution
		Debug|Any CPU = Debug|Any CPU
		Release|Any CPU = Release|Any CPU
	EndGlobalSection
	GlobalSection(ProjectConfigurationPlatforms) = postSolution
		{E03ED6EA-4CD0-41F6-ABA6-61D67777A908}.Debug|Any CPU.ActiveCfg = Debug|Any CPU
		{E03ED6EA-4CD0-41F6-ABA6-61D67777A908}.Debug|Any CPU.Build.0 = Debug|Any CPU
		{E03ED6EA-4CD0-41F6-ABA6-61D67777A908}.Release|Any CPU.ActiveCfg = Release|Any CPU
		{E03ED6EA-4CD0-41F6-ABA6-61D67777A908}.Release|Any CPU.Build.0 = Release|Any CPU
		{68453BD8-15FE-466D-B4F7-7D2FD851F141}.Debug|Any CPU.ActiveCfg = Debug|Any CPU
		{68453BD8-15FE-466D-B4F7-7D2FD851F141}.Debug|Any CPU.Build.0 = Debug|Any CPU
		{68453BD8-15FE-466D-B4F7-7D2FD851F141}.Release|Any CPU.ActiveCfg = Release|Any CPU
		{68453BD8-15FE-466D-B4F7-7D2FD851F141}.Release|Any CPU.Build.0 = Release|Any CPU
		{06D4D1D2-E7A5-48CB-ADAE-9298769A0B3F}.Debug|Any CPU.ActiveCfg = Debug|Any CPU
		{06D4D1D2-E7A5-48CB-ADAE-9298769A0B3F}.Debug|Any CPU.Build.0 = Debug|Any CPU
		{06D4D1D2-E7A5-48CB-ADAE-9298769A0B3F}.Release|Any CPU.ActiveCfg = Release|Any CPU
		{06D4D1D2-E7A5-48CB-ADAE-9298769A0B3F}.Release|Any CPU.Build.0 = Release|Any CPU
		{5655A99B-8D7D-46A9-813B-C8D27E841074}.Debug|Any CPU.ActiveCfg = Debug|Any CPU
		{5655A99B-8D7D-46A9-813B-C8D27E841074}.Debug|Any CPU.Build.0 = Debug|Any CPU
		{5655A99B-8D7D-46A9-813B-C8D27E841074}.Release|Any CPU.ActiveCfg = Release|Any CPU
		{5655A99B-8D7D-46A9-813B-C8D27E841074}.Release|Any CPU.Build.0 = Release|Any CPU
	EndGlobalSection
	GlobalSection(SolutionProperties) = preSolution
		HideSolutionNode = FALSE
	EndGlobalSection
	GlobalSection(NestedProjects) = preSolution
		{6CB8D961-6717-4D99-B15B-1F4AD0D96D8E} = {E98C400A-F5BC-416A-A4C2-DD416C864F74}
		{470F17E0-1947-46A5-80F5-9F5A44797345} = {E98C400A-F5BC-416A-A4C2-DD416C864F74}
		{2DD65973-D749-4A84-A6D4-67FADCD47153} = {E98C400A-F5BC-416A-A4C2-DD416C864F74}
		{C48EA2B8-738D-4958-BCEC-B87D0DB73666} = {E98C400A-F5BC-416A-A4C2-DD416C864F74}
		{E03ED6EA-4CD0-41F6-ABA6-61D67777A908} = {6CB8D961-6717-4D99-B15B-1F4AD0D96D8E}
		{68453BD8-15FE-466D-B4F7-7D2FD851F141} = {470F17E0-1947-46A5-80F5-9F5A44797345}
		{06D4D1D2-E7A5-48CB-ADAE-9298769A0B3F} = {2DD65973-D749-4A84-A6D4-67FADCD47153}
		{5655A99B-8D7D-46A9-813B-C8D27E841074} = {C48EA2B8-738D-4958-BCEC-B87D0DB73666}
	EndGlobalSection
	GlobalSection(ExtensibilityGlobals) = postSolution
		SolutionGuid = {8B83CE19-764F-4032-95AF-5AF68BB4271D}
	EndGlobalSection
EndGlobal
